
Microsoft Visual Studio Solution File, Format Version 12.00
# Visual Studio Version 16
VisualStudioVersion = 16.0.32106.194
MinimumVisualStudioVersion = 10.0.40219.1
Project("{FAE04EC0-301F-11D3-BF4B-00C04F79EFBC}") = "S00198707SeptemberExam", "S00198707SeptemberExam.csproj", "{6A97EA4B-E6A0-4FE2-AC2D-207759D50814}"
EndProject
Global
	GlobalSection(SolutionConfigurationPlatforms) = preSolution
		Debug|Any CPU = Debug|Any CPU
		Release|Any CPU = Release|Any CPU
	EndGlobalSection
	GlobalSection(ProjectConfigurationPlatforms) = postSolution
		{6A97EA4B-E6A0-4FE2-AC2D-207759D50814}.Debug|Any CPU.ActiveCfg = Debug|Any CPU
		{6A97EA4B-E6A0-4FE2-AC2D-207759D50814}.Debug|Any CPU.Build.0 = Debug|Any CPU
		{6A97EA4B-E6A0-4FE2-AC2D-207759D50814}.Release|Any CPU.ActiveCfg = Release|Any CPU
		{6A97EA4B-E6A0-4FE2-AC2D-207759D50814}.Release|Any CPU.Build.0 = Release|Any CPU
	EndGlobalSection
	GlobalSection(SolutionProperties) = preSolution
		HideSolutionNode = FALSE
	EndGlobalSection
	GlobalSection(ExtensibilityGlobals) = postSolution
		SolutionGuid = {38D7CE0E-EBCB-4098-84B7-CF1789C13626}
	EndGlobalSection
EndGlobal
